// !$*UTF8*$!
{
	archiveVersion = 1;
	classes = {
	};
	objectVersion = 48;
	objects = {

/* Begin PBXBuildFile section */
		A12F033E1F9816A500FC12B4 /* AppDelegate.swift in Sources */ = {isa = PBXBuildFile; fileRef = A12F033D1F9816A500FC12B4 /* AppDelegate.swift */; };
		A12F03401F9816A500FC12B4 /* ViewController.swift in Sources */ = {isa = PBXBuildFile; fileRef = A12F033F1F9816A500FC12B4 /* ViewController.swift */; };
		A12F03431F9816A500FC12B4 /* Main.storyboard in Resources */ = {isa = PBXBuildFile; fileRef = A12F03411F9816A500FC12B4 /* Main.storyboard */; };
		A12F03451F9816A500FC12B4 /* Assets.xcassets in Resources */ = {isa = PBXBuildFile; fileRef = A12F03441F9816A500FC12B4 /* Assets.xcassets */; };
		A12F03481F9816A500FC12B4 /* LaunchScreen.storyboard in Resources */ = {isa = PBXBuildFile; fileRef = A12F03461F9816A500FC12B4 /* LaunchScreen.storyboard */; };
/* End PBXBuildFile section */

/* Begin PBXFileReference section */
		A12F033A1F9816A500FC12B4 /* Midterm-Musson.app */ = {isa = PBXFileReference; explicitFileType = wrapper.application; includeInIndex = 0; path = "Midterm-Musson.app"; sourceTree = BUILT_PRODUCTS_DIR; };
		A12F033D1F9816A500FC12B4 /* AppDelegate.swift */ = {isa = PBXFileReference; lastKnownFileType = sourcecode.swift; path = AppDelegate.swift; sourceTree = "<group>"; };
		A12F033F1F9816A500FC12B4 /* ViewController.swift */ = {isa = PBXFileReference; lastKnownFileType = sourcecode.swift; path = ViewController.swift; sourceTree = "<group>"; };
		A12F03421F9816A500FC12B4 /* Base */ = {isa = PBXFileReference; lastKnownFileType = file.storyboard; name = Base; path = Base.lproj/Main.storyboard; sourceTree = "<group>"; };
		A12F03441F9816A500FC12B4 /* Assets.xcassets */ = {isa = PBXFileReference; lastKnownFileType = folder.assetcatalog; path = Assets.xcassets; sourceTree = "<group>"; };
		A12F03471F9816A500FC12B4 /* Base */ = {isa = PBXFileReference; lastKnownFileType = file.storyboard; name = Base; path = Base.lproj/LaunchScreen.storyboard; sourceTree = "<group>"; };
		A12F03491F9816A500FC12B4 /* Info.plist */ = {isa = PBXFileReference; lastKnownFileType = text.plist.xml; path = Info.plist; sourceTree = "<group>"; };
/* End PBXFileReference section */

/* Begin PBXFrameworksBuildPhase section */
		A12F03371F9816A500FC12B4 /* Frameworks */ = {
			isa = PBXFrameworksBuildPhase;
			buildActionMask = 2147483647;
			files = (
			);
			runOnlyForDeploymentPostprocessing = 0;
		};
/* End PBXFrameworksBuildPhase section */

/* Begin PBXGroup section */
		A12F03311F9816A500FC12B4 = {
			isa = PBXGroup;
			children = (
				A12F033C1F9816A500FC12B4 /* Midterm-Musson */,
				A12F033B1F9816A500FC12B4 /* Products */,
			);
			sourceTree = "<group>";
		};
		A12F033B1F9816A500FC12B4 /* Products */ = {
			isa = PBXGroup;
			children = (
				A12F033A1F9816A500FC12B4 /* Midterm-Musson.app */,
			);
			name = Products;
			sourceTree = "<group>";
		};
		A12F033C1F9816A500FC12B4 /* Midterm-Musson */ = {
			isa = PBXGroup;
			children = (
				A12F033D1F9816A500FC12B4 /* AppDelegate.swift */,
				A12F033F1F9816A500FC12B4 /* ViewController.swift */,
				A12F03411F9816A500FC12B4 /* Main.storyboard */,
				A12F03441F9816A500FC12B4 /* Assets.xcassets */,
				A12F03461F9816A500FC12B4 /* LaunchScreen.storyboard */,
				A12F03491F9816A500FC12B4 /* Info.plist */,
			);
			path = "Midterm-Musson";
			sourceTree = "<group>";
		};
/* End PBXGroup section */

/* Begin PBXNativeTarget section */
		A12F03391F9816A500FC12B4 /* Midterm-Musson */ = {
			isa = PBXNativeTarget;
			buildConfigurationList = A12F034C1F9816A500FC12B4 /* Build configuration list for PBXNativeTarget "Midterm-Musson" */;
			buildPhases = (
				A12F03361F9816A500FC12B4 /* Sources */,
				A12F03371F9816A500FC12B4 /* Frameworks */,
				A12F03381F9816A500FC12B4 /* Resources */,
			);
			buildRules = (
			);
			dependencies = (
			);
			name = "Midterm-Musson";
			productName = "Midterm-Musson";
			productReference = A12F033A1F9816A500FC12B4 /* Midterm-Musson.app */;
			productType = "com.apple.product-type.application";
		};
/* End PBXNativeTarget section */

/* Begin PBXProject section */
		A12F03321F9816A500FC12B4 /* Project object */ = {
			isa = PBXProject;
			attributes = {
				LastSwiftUpdateCheck = 0900;
				LastUpgradeCheck = 0900;
				ORGANIZATIONNAME = "Hannah Musson";
				TargetAttributes = {
					A12F03391F9816A500FC12B4 = {
						CreatedOnToolsVersion = 9.0;
						ProvisioningStyle = Automatic;
					};
				};
			};
			buildConfigurationList = A12F03351F9816A500FC12B4 /* Build configuration list for PBXProject "Midterm-Musson" */;
			compatibilityVersion = "Xcode 8.0";
			developmentRegion = en;
			hasScannedForEncodings = 0;
			knownRegions = (
				en,
				Base,
			);
			mainGroup = A12F03311F9816A500FC12B4;
			productRefGroup = A12F033B1F9816A500FC12B4 /* Products */;
			projectDirPath = "";
			projectRoot = "";
			targets = (
				A12F03391F9816A500FC12B4 /* Midterm-Musson */,
			);
		};
/* End PBXProject section */

/* Begin PBXResourcesBuildPhase section */
		A12F03381F9816A500FC12B4 /* Resources */ = {
			isa = PBXResourcesBuildPhase;
			buildActionMask = 2147483647;
			files = (
				A12F03481F9816A500FC12B4 /* LaunchScreen.storyboard in Resources */,
				A12F03451F9816A500FC12B4 /* Assets.xcassets in Resources */,
				A12F03431F9816A500FC12B4 /* Main.storyboard in Resources */,
			);
			runOnlyForDeploymentPostprocessing = 0;
		};
/* End PBXResourcesBuildPhase section */

/* Begin PBXSourcesBuildPhase section */
		A12F03361F9816A500FC12B4 /* Sources */ = {
			isa = PBXSourcesBuildPhase;
			buildActionMask = 2147483647;
			files = (
				A12F03401F9816A500FC12B4 /* ViewController.swift in Sources */,
				A12F033E1F9816A500FC12B4 /* AppDelegate.swift in Sources */,
			);
			runOnlyForDeploymentPostprocessing = 0;
		};
/* End PBXSourcesBuildPhase section */

/* Begin PBXVariantGroup section */
		A12F03411F9816A500FC12B4 /* Main.storyboard */ = {
			isa = PBXVariantGroup;
			children = (
				A12F03421F9816A500FC12B4 /* Base */,
			);
			name = Main.storyboard;
			sourceTree = "<group>";
		};
		A12F03461F9816A500FC12B4 /* LaunchScreen.storyboard */ = {
			isa = PBXVariantGroup;
			children = (
				A12F03471F9816A500FC12B4 /* Base */,
			);
			name = LaunchScreen.storyboard;
			sourceTree = "<group>";
		};
/* End PBXVariantGroup section */

/* Begin XCBuildConfiguration section */
		A12F034A1F9816A500FC12B4 /* Debug */ = {
			isa = XCBuildConfiguration;
			buildSettings = {
				ALWAYS_SEARCH_USER_PATHS = NO;
				CLANG_ANALYZER_NONNULL = YES;
				CLANG_ANALYZER_NUMBER_OBJECT_CONVERSION = YES_AGGRESSIVE;
				CLANG_CXX_LANGUAGE_STANDARD = "gnu++14";
				CLANG_CXX_LIBRARY = "libc++";
				CLANG_ENABLE_MODULES = YES;
				CLANG_ENABLE_OBJC_ARC = YES;
				CLANG_WARN_BLOCK_CAPTURE_AUTORELEASING = YES;
				CLANG_WARN_BOOL_CONVERSION = YES;
				CLANG_WARN_COMMA = YES;
				CLANG_WARN_CONSTANT_CONVERSION = YES;
				CLANG_WARN_DIRECT_OBJC_ISA_USAGE = YES_ERROR;
				CLANG_WARN_DOCUMENTATION_COMMENTS = YES;
				CLANG_WARN_EMPTY_BODY = YES;
				CLANG_WARN_ENUM_CONVERSION = YES;
				CLANG_WARN_INFINITE_RECURSION = YES;
				CLANG_WARN_INT_CONVERSION = YES;
				CLANG_WARN_NON_LITERAL_NULL_CONVERSION = YES;
				CLANG_WARN_OBJC_LITERAL_CONVERSION = YES;
				CLANG_WARN_OBJC_ROOT_CLASS = YES_ERROR;
				CLANG_WARN_RANGE_LOOP_ANALYSIS = YES;
				CLANG_WARN_STRICT_PROTOTYPES = YES;
				CLANG_WARN_SUSPICIOUS_MOVE = YES;
				CLANG_WARN_UNGUARDED_AVAILABILITY = YES_AGGRESSIVE;
				CLANG_WARN_UNREACHABLE_CODE = YES;
				CLANG_WARN__DUPLICATE_METHOD_MATCH = YES;
				CODE_SIGN_IDENTITY = "iPhone Developer";
				COPY_PHASE_STRIP = NO;
				DEBUG_INFORMATION_FORMAT = dwarf;
				ENABLE_STRICT_OBJC_MSGSEND = YES;
				ENABLE_TESTABILITY = YES;
				GCC_C_LANGUAGE_STANDARD = gnu11;
				GCC_DYNAMIC_NO_PIC = NO;
				GCC_NO_COMMON_BLOCKS = YES;
				GCC_OPTIMIZATION_LEVEL = 0;
				GCC_PREPROCESSOR_DEFINITIONS = (
					"DEBUG=1",
					"$(inherited)",
				);
				GCC_WARN_64_TO_32_BIT_CONVERSION = YES;
				GCC_WARN_ABOUT_RETURN_TYPE = YES_ERROR;
				GCC_WARN_UNDECLARED_SELECTOR = YES;
				GCC_WARN_UNINITIALIZED_AUTOS = YES_AGGRESSIVE;
				GCC_WARN_UNUSED_FUNCTION = YES;
				GCC_WARN_UNUSED_VARIABLE = YES;
				IPHONEOS_DEPLOYMENT_TARGET = 11.0;
				MTL_ENABLE_DEBUG_INFO = YES;
				ONLY_ACTIVE_ARCH = YES;
				SDKROOT = iphoneos;
				SWIFT_ACTIVE_COMPILATION_CONDITIONS = DEBUG;
				SWIFT_OPTIMIZATION_LEVEL = "-Onone";
			};
			name = Debug;
		};
		A12F034B1F9816A500FC12B4 /* Release */ = {
			isa = XCBuildConfiguration;
			buildSettings = {
				ALWAYS_SEARCH_USER_PATHS = NO;
				CLANG_ANALYZER_NONNULL = YES;
				CLANG_ANALYZER_NUMBER_OBJECT_CONVERSION = YES_AGGRESSIVE;
				CLANG_CXX_LANGUAGE_STANDARD = "gnu++14";
				CLANG_CXX_LIBRARY = "libc++";
				CLANG_ENABLE_MODULES = YES;
				CLANG_ENABLE_OBJC_ARC = YES;
				CLANG_WARN_BLOCK_CAPTURE_AUTORELEASING = YES;
				CLANG_WARN_BOOL_CONVERSION = YES;
				CLANG_WARN_COMMA = YES;
				CLANG_WARN_CONSTANT_CONVERSION = YES;
				CLANG_WARN_DIRECT_OBJC_ISA_USAGE = YES_ERROR;
				CLANG_WARN_DOCUMENTATION_COMMENTS = YES;
				CLANG_WARN_EMPTY_BODY = YES;
				CLANG_WARN_ENUM_CONVERSION = YES;
				CLANG_WARN_INFINITE_RECURSION = YES;
				CLANG_WARN_INT_CONVERSION = YES;
				CLANG_WARN_NON_LITERAL_NULL_CONVERSION = YES;
				CLANG_WARN_OBJC_LITERAL_CONVERSION = YES;
				CLANG_WARN_OBJC_ROOT_CLASS = YES_ERROR;
				CLANG_WARN_RANGE_LOOP_ANALYSIS = YES;
				CLANG_WARN_STRICT_PROTOTYPES = YES;
				CLANG_WARN_SUSPICIOUS_MOVE = YES;
				CLANG_WARN_UNGUARDED_AVAILABILITY = YES_AGGRESSIVE;
				CLANG_WARN_UNREACHABLE_CODE = YES;
				CLANG_WARN__DUPLICATE_METHOD_MATCH = YES;
				CODE_SIGN_IDENTITY = "iPhone Developer";
				COPY_PHASE_STRIP = NO;
				DEBUG_INFORMATION_FORMAT = "dwarf-with-dsym";
				ENABLE_NS_ASSERTIONS = NO;
				ENABLE_STRICT_OBJC_MSGSEND = YES;
				GCC_C_LANGUAGE_STANDARD = gnu11;
				GCC_NO_COMMON_BLOCKS = YES;
				GCC_WARN_64_TO_32_BIT_CONVERSION = YES;
				GCC_WARN_ABOUT_RETURN_TYPE = YES_ERROR;
				GCC_WARN_UNDECLARED_SELECTOR = YES;
				GCC_WARN_UNINITIALIZED_AUTOS = YES_AGGRESSIVE;
				GCC_WARN_UNUSED_FUNCTION = YES;
				GCC_WARN_UNUSED_VARIABLE = YES;
				IPHONEOS_DEPLOYMENT_TARGET = 11.0;
				MTL_ENABLE_DEBUG_INFO = NO;
				SDKROOT = iphoneos;
				SWIFT_OPTIMIZATION_LEVEL = "-Owholemodule";
				VALIDATE_PRODUCT = YES;
			};
			name = Release;
		};
		A12F034D1F9816A500FC12B4 /* Debug */ = {
			isa = XCBuildConfiguration;
			buildSettings = {
				ASSETCATALOG_COMPILER_APPICON_NAME = AppIcon;
				CODE_SIGN_STYLE = Automatic;
				INFOPLIST_FILE = "Midterm-Musson/Info.plist";
				LD_RUNPATH_SEARCH_PATHS = "$(inherited) @executable_path/Frameworks";
				PRODUCT_BUNDLE_IDENTIFIER = "edu.Mills.Midterm-Musson";
				PRODUCT_NAME = "$(TARGET_NAME)";
				SWIFT_VERSION = 4.0;
				TARGETED_DEVICE_FAMILY = "1,2";
			};
			name = Debug;
		};
		A12F034E1F9816A500FC12B4 /* Release */ = {
			isa = XCBuildConfiguration;
			buildSettings = {
				ASSETCATALOG_COMPILER_APPICON_NAME = AppIcon;
				CODE_SIGN_STYLE = Automatic;
				INFOPLIST_FILE = "Midterm-Musson/Info.plist";
				LD_RUNPATH_SEARCH_PATHS = "$(inherited) @executable_path/Frameworks";
				PRODUCT_BUNDLE_IDENTIFIER = "edu.Mills.Midterm-Musson";
				PRODUCT_NAME = "$(TARGET_NAME)";
				SWIFT_VERSION = 4.0;
				TARGETED_DEVICE_FAMILY = "1,2";
			};
			name = Release;
		};
/* End XCBuildConfiguration section */

/* Begin XCConfigurationList section */
		A12F03351F9816A500FC12B4 /* Build configuration list for PBXProject "Midterm-Musson" */ = {
			isa = XCConfigurationList;
			buildConfigurations = (
				A12F034A1F9816A500FC12B4 /* Debug */,
				A12F034B1F9816A500FC12B4 /* Release */,
			);
			defaultConfigurationIsVisible = 0;
			defaultConfigurationName = Release;
		};
		A12F034C1F9816A500FC12B4 /* Build configuration list for PBXNativeTarget "Midterm-Musson" */ = {
			isa = XCConfigurationList;
			buildConfigurations = (
				A12F034D1F9816A500FC12B4 /* Debug */,
				A12F034E1F9816A500FC12B4 /* Release */,
			);
			defaultConfigurationIsVisible = 0;
			defaultConfigurationName = Release;
		};
/* End XCConfigurationList section */
	};
	rootObject = A12F03321F9816A500FC12B4 /* Project object */;
}
